
Microsoft Visual Studio Solution File, Format Version 12.00
# Visual Studio Version 16
VisualStudioVersion = 16.0.30320.27
MinimumVisualStudioVersion = 10.0.40219.1
Project("{FAE04EC0-301F-11D3-BF4B-00C04F79EFBC}") = "WindowsMessages (Enums)", "WindowsMessages (Enums)\WindowsMessages (Enums).csproj", "{D57317F2-9D39-469B-A8CE-3C49FC496A79}"
EndProject
Global
	GlobalSection(SolutionConfigurationPlatforms) = preSolution
		Debug|Any CPU = Debug|Any CPU
		Release|Any CPU = Release|Any CPU
	EndGlobalSection
	GlobalSection(ProjectConfigurationPlatforms) = postSolution
		{D57317F2-9D39-469B-A8CE-3C49FC496A79}.Debug|Any CPU.ActiveCfg = Debug|Any CPU
		{D57317F2-9D39-469B-A8CE-3C49FC496A79}.Debug|Any CPU.Build.0 = Debug|Any CPU
		{D57317F2-9D39-469B-A8CE-3C49FC496A79}.Release|Any CPU.ActiveCfg = Release|Any CPU
		{D57317F2-9D39-469B-A8CE-3C49FC496A79}.Release|Any CPU.Build.0 = Release|Any CPU
	EndGlobalSection
	GlobalSection(SolutionProperties) = preSolution
		HideSolutionNode = FALSE
	EndGlobalSection
	GlobalSection(ExtensibilityGlobals) = postSolution
		SolutionGuid = {3C987565-A492-4845-B558-F378EADC751F}
	EndGlobalSection
EndGlobal
